{
  "nodes": {
    "agda29": {
      "inputs": {
        "flake-parts": "flake-parts",
        "ghc-wasm": "ghc-wasm",
        "nixpkgs": "nixpkgs_2"
      },
      "locked": {
        "lastModified": 1780852782,
        "narHash": "sha256-QeXu3+hu9AHBSSSPl2n2Pw8Ured9MVbz8U9eQR9Pr/U=",
        "owner": "chboishabba",
        "repo": "agda",
        "rev": "86a1179c1f886da773dc53be920bcca5d876884e",
        "type": "github"
      },
      "original": {
        "owner": "chboishabba",
        "repo": "agda",
        "rev": "86a1179c1f886da773dc53be920bcca5d876884e",
        "type": "github"
      }
    },
    "cubicalSrc": {
      "flake": false,
      "locked": {
        "lastModified": 1778646200,
        "narHash": "sha256-KoR3cTT06L4a3E4A5QImsCPsHf8COrHxOtH++k2QG90=",
        "owner": "agda",
        "repo": "cubical",
        "rev": "d0b9c7b0e9e4f816422c3447d7983b03274dd829",
        "type": "github"
      },
      "original": {
        "owner": "agda",
        "repo": "cubical",
        "rev": "d0b9c7b0e9e4f816422c3447d7983b03274dd829",
        "type": "github"
      }
    },
    "dchottSrc": {
      "flake": false,
      "locked": {
        "lastModified": 1655454889,
        "narHash": "sha256-TM8F3jaF0wrZP9zeYT4+HQdAW8ftZIZbtcNy7F2WFiA=",
        "owner": "felixwellen",
        "repo": "DCHoTT-Agda",
        "rev": "ca8c755af0b26f8f50c5a60d3b7f9384a26f5d0e",
        "type": "github"
      },
      "original": {
        "owner": "felixwellen",
        "repo": "DCHoTT-Agda",
        "rev": "ca8c755af0b26f8f50c5a60d3b7f9384a26f5d0e",
        "type": "github"
      }
    },
    "flake-parts": {
      "inputs": {
        "nixpkgs-lib": "nixpkgs-lib"
      },
      "locked": {
        "lastModified": 1701473968,
        "narHash": "sha256-YcVE5emp1qQ8ieHUnxt1wCZCC3ZfAS+SRRWZ2TMda7E=",
        "owner": "hercules-ci",
        "repo": "flake-parts",
        "rev": "34fed993f1674c8d06d58b37ce1e0fe5eebcb9f5",
        "type": "github"
      },
      "original": {
        "owner": "hercules-ci",
        "repo": "flake-parts",
        "type": "github"
      }
    },
    "flake-utils": {
      "inputs": {
        "systems": "systems"
      },
      "locked": {
        "lastModified": 1731533236,
        "narHash": "sha256-l0KFg5HjrsfsO/JpG+r7fRrqm12kzFHyUHqHCVpMMbI=",
        "owner": "numtide",
        "repo": "flake-utils",
        "rev": "11707dc2f618dd54ca8739b309ec4fc024de578b",
        "type": "github"
      },
      "original": {
        "owner": "numtide",
        "repo": "flake-utils",
        "type": "github"
      }
    },
    "flake-utils_2": {
      "inputs": {
        "systems": "systems_2"
      },
      "locked": {
        "lastModified": 1731533236,
        "narHash": "sha256-l0KFg5HjrsfsO/JpG+r7fRrqm12kzFHyUHqHCVpMMbI=",
        "owner": "numtide",
        "repo": "flake-utils",
        "rev": "11707dc2f618dd54ca8739b309ec4fc024de578b",
        "type": "github"
      },
      "original": {
        "owner": "numtide",
        "repo": "flake-utils",
        "type": "github"
      }
    },
    "flake-utils_3": {
      "inputs": {
        "systems": "systems_3"
      },
      "locked": {
        "lastModified": 1731533236,
        "narHash": "sha256-l0KFg5HjrsfsO/JpG+r7fRrqm12kzFHyUHqHCVpMMbI=",
        "owner": "numtide",
        "repo": "flake-utils",
        "rev": "11707dc2f618dd54ca8739b309ec4fc024de578b",
        "type": "github"
      },
      "original": {
        "owner": "numtide",
        "repo": "flake-utils",
        "type": "github"
      }
    },
    "ghc-wasm": {
      "inputs": {
        "flake-utils": "flake-utils",
        "nixpkgs": "nixpkgs"
      },
      "locked": {
        "lastModified": 1764532453,
        "narHash": "sha256-83PtOfCHZhby/isbpHiEG61BkoPK42zCi0lr3JTRStw=",
        "ref": "refs/heads/master",
        "rev": "01679cb5e8c6ed1c80218ce09f2d10766c1a5b1d",
        "revCount": 450,
        "type": "git",
        "url": "https://gitlab.haskell.org/haskell-wasm/ghc-wasm-meta.git"
      },
      "original": {
        "type": "git",
        "url": "https://gitlab.haskell.org/haskell-wasm/ghc-wasm-meta.git"
      }
    },
    "nixpkgs": {
      "locked": {
        "lastModified": 1759326671,
        "narHash": "sha256-h9jyjb62WDgKs0MBUDFhSlV3F4n+64ygJeo3ijhEF80=",
        "owner": "NixOS",
        "repo": "nixpkgs",
        "rev": "840e8405978644a20844b54e70a09b518f5c7709",
        "type": "github"
      },
      "original": {
        "owner": "NixOS",
        "ref": "nixos-25.05",
        "repo": "nixpkgs",
        "type": "github"
      }
    },
    "nixpkgs-lib": {
      "locked": {
        "dir": "lib",
        "lastModified": 1701253981,
        "narHash": "sha256-ztaDIyZ7HrTAfEEUt9AtTDNoCYxUdSd6NrRHaYOIxtk=",
        "owner": "NixOS",
        "repo": "nixpkgs",
        "rev": "e92039b55bcd58469325ded85d4f58dd5a4eaf58",
        "type": "github"
      },
      "original": {
        "dir": "lib",
        "owner": "NixOS",
        "ref": "nixos-unstable",
        "repo": "nixpkgs",
        "type": "github"
      }
    },
    "nixpkgs_2": {
      "locked": {
        "lastModified": 1767799921,
        "narHash": "sha256-r4GVX+FToWVE2My8VVZH4V0pTIpnu2ZE8/Z4uxGEMBE=",
        "owner": "NixOS",
        "repo": "nixpkgs",
        "rev": "d351d0653aeb7877273920cd3e823994e7579b0b",
        "type": "github"
      },
      "original": {
        "owner": "NixOS",
        "ref": "nixos-25.11",
        "repo": "nixpkgs",
        "type": "github"
      }
    },
    "nixpkgs_3": {
      "locked": {
        "lastModified": 1773821835,
        "narHash": "sha256-TJ3lSQtW0E2JrznGVm8hOQGVpXjJyXY2guAxku2O9A4=",
        "owner": "NixOS",
        "repo": "nixpkgs",
        "rev": "b40629efe5d6ec48dd1efba650c797ddbd39ace0",
        "type": "github"
      },
      "original": {
        "owner": "NixOS",
        "ref": "nixos-unstable",
        "repo": "nixpkgs",
        "type": "github"
      }
    },
    "root": {
      "inputs": {
        "agda29": "agda29",
        "cubicalSrc": "cubicalSrc",
        "dchottSrc": "dchottSrc",
        "flake-utils": "flake-utils_2",
        "nixpkgs": "nixpkgs_3",
        "zkperf": "zkperf"
      }
    },
    "rust-overlay": {
      "inputs": {
        "nixpkgs": [
          "zkperf",
          "nixpkgs"
        ]
      },
      "locked": {
        "lastModified": 1773889863,
        "narHash": "sha256-tSsmZOHBgq4qfu5MNCAEsKZL1cI4avNLw2oUTXWeb74=",
        "owner": "oxalica",
        "repo": "rust-overlay",
        "rev": "dbfd51be2692cb7022e301d14c139accb4ee63f0",
        "type": "github"
      },
      "original": {
        "owner": "oxalica",
        "repo": "rust-overlay",
        "type": "github"
      }
    },
    "systems": {
      "locked": {
        "lastModified": 1681028828,
        "narHash": "sha256-Vy1rq5AaRuLzOxct8nz4T6wlgyUR7zLU309k9mBC768=",
        "owner": "nix-systems",
        "repo": "default",
        "rev": "da67096a3b9bf56a91d16901293e51ba5b49a27e",
        "type": "github"
      },
      "original": {
        "owner": "nix-systems",
        "repo": "default",
        "type": "github"
      }
    },
    "systems_2": {
      "locked": {
        "lastModified": 1681028828,
        "narHash": "sha256-Vy1rq5AaRuLzOxct8nz4T6wlgyUR7zLU309k9mBC768=",
        "owner": "nix-systems",
        "repo": "default",
        "rev": "da67096a3b9bf56a91d16901293e51ba5b49a27e",
        "type": "github"
      },
      "original": {
        "owner": "nix-systems",
        "repo": "default",
        "type": "github"
      }
    },
    "systems_3": {
      "locked": {
        "lastModified": 1681028828,
        "narHash": "sha256-Vy1rq5AaRuLzOxct8nz4T6wlgyUR7zLU309k9mBC768=",
        "owner": "nix-systems",
        "repo": "default",
        "rev": "da67096a3b9bf56a91d16901293e51ba5b49a27e",
        "type": "github"
      },
      "original": {
        "owner": "nix-systems",
        "repo": "default",
        "type": "github"
      }
    },
    "zkperf": {
      "inputs": {
        "flake-utils": "flake-utils_3",
        "nixpkgs": [
          "nixpkgs"
        ],
        "rust-overlay": "rust-overlay"
      },
      "locked": {
        "lastModified": 1774201095,
        "narHash": "sha256-bLbt8sKq+lbvJKBqhOgv68CK0C8/X+PPia75dM3mqD0=",
        "owner": "meta-introspector",
        "repo": "zkperf",
        "rev": "5fb845c4e7b4b34b03e624b900fa92f1298df2ba",
        "type": "github"
      },
      "original": {
        "owner": "meta-introspector",
        "repo": "zkperf",
        "type": "github"
      }
    }
  },
  "root": "root",
  "version": 7
}
