{
  "nodes": {
    "cubicalSrc": {
      "flake": false,
      "locked": {
        "lastModified": 1778646200,
        "narHash": "sha256-KoR3cTT06L4a3E4A5QImsCPsHf8COrHxOtH++k2QG90=",
        "owner": "agda",
        "repo": "cubical",
        "rev": "d0b9c7b0e9e4f816422c3447d7983b03274dd829",
        "type": "github"
      },
      "original": {
        "owner": "agda",
        "repo": "cubical",
        "rev": "d0b9c7b0e9e4f816422c3447d7983b03274dd829",
        "type": "github"
      }
    },
    "dchottSrc": {
      "flake": false,
      "locked": {
        "lastModified": 1655454889,
        "narHash": "sha256-TM8F3jaF0wrZP9zeYT4+HQdAW8ftZIZbtcNy7F2WFiA=",
        "owner": "felixwellen",
        "repo": "DCHoTT-Agda",
        "rev": "ca8c755af0b26f8f50c5a60d3b7f9384a26f5d0e",
        "type": "github"
      },
      "original": {
        "owner": "felixwellen",
        "repo": "DCHoTT-Agda",
        "rev": "ca8c755af0b26f8f50c5a60d3b7f9384a26f5d0e",
        "type": "github"
      }
    },
    "flake-utils": {
      "inputs": {
        "systems": "systems"
      },
      "locked": {
        "lastModified": 1731533236,
        "narHash": "sha256-l0KFg5HjrsfsO/JpG+r7fRrqm12kzFHyUHqHCVpMMbI=",
        "owner": "numtide",
        "repo": "flake-utils",
        "rev": "11707dc2f618dd54ca8739b309ec4fc024de578b",
        "type": "github"
      },
      "original": {
        "owner": "numtide",
        "repo": "flake-utils",
        "type": "github"
      }
    },
    "flake-utils_2": {
      "inputs": {
        "systems": "systems_2"
      },
      "locked": {
        "lastModified": 1731533236,
        "narHash": "sha256-l0KFg5HjrsfsO/JpG+r7fRrqm12kzFHyUHqHCVpMMbI=",
        "owner": "numtide",
        "repo": "flake-utils",
        "rev": "11707dc2f618dd54ca8739b309ec4fc024de578b",
        "type": "github"
      },
      "original": {
        "owner": "numtide",
        "repo": "flake-utils",
        "type": "github"
      }
    },
    "nixpkgs": {
      "locked": {
        "lastModified": 1773821835,
        "narHash": "sha256-TJ3lSQtW0E2JrznGVm8hOQGVpXjJyXY2guAxku2O9A4=",
        "owner": "NixOS",
        "repo": "nixpkgs",
        "rev": "b40629efe5d6ec48dd1efba650c797ddbd39ace0",
        "type": "github"
      },
      "original": {
        "owner": "NixOS",
        "ref": "nixos-unstable",
        "repo": "nixpkgs",
        "type": "github"
      }
    },
    "root": {
      "inputs": {
        "cubicalSrc": "cubicalSrc",
        "dchottSrc": "dchottSrc",
        "flake-utils": "flake-utils",
        "nixpkgs": "nixpkgs",
        "zkperf": "zkperf"
      }
    },
    "rust-overlay": {
      "inputs": {
        "nixpkgs": [
          "zkperf",
          "nixpkgs"
        ]
      },
      "locked": {
        "lastModified": 1773889863,
        "narHash": "sha256-tSsmZOHBgq4qfu5MNCAEsKZL1cI4avNLw2oUTXWeb74=",
        "owner": "oxalica",
        "repo": "rust-overlay",
        "rev": "dbfd51be2692cb7022e301d14c139accb4ee63f0",
        "type": "github"
      },
      "original": {
        "owner": "oxalica",
        "repo": "rust-overlay",
        "type": "github"
      }
    },
    "systems": {
      "locked": {
        "lastModified": 1681028828,
        "narHash": "sha256-Vy1rq5AaRuLzOxct8nz4T6wlgyUR7zLU309k9mBC768=",
        "owner": "nix-systems",
        "repo": "default",
        "rev": "da67096a3b9bf56a91d16901293e51ba5b49a27e",
        "type": "github"
      },
      "original": {
        "owner": "nix-systems",
        "repo": "default",
        "type": "github"
      }
    },
    "systems_2": {
      "locked": {
        "lastModified": 1681028828,
        "narHash": "sha256-Vy1rq5AaRuLzOxct8nz4T6wlgyUR7zLU309k9mBC768=",
        "owner": "nix-systems",
        "repo": "default",
        "rev": "da67096a3b9bf56a91d16901293e51ba5b49a27e",
        "type": "github"
      },
      "original": {
        "owner": "nix-systems",
        "repo": "default",
        "type": "github"
      }
    },
    "zkperf": {
      "inputs": {
        "flake-utils": "flake-utils_2",
        "nixpkgs": [
          "nixpkgs"
        ],
        "rust-overlay": "rust-overlay"
      },
      "locked": {
        "lastModified": 1774201095,
        "narHash": "sha256-bLbt8sKq+lbvJKBqhOgv68CK0C8/X+PPia75dM3mqD0=",
        "owner": "meta-introspector",
        "repo": "zkperf",
        "rev": "5fb845c4e7b4b34b03e624b900fa92f1298df2ba",
        "type": "github"
      },
      "original": {
        "owner": "meta-introspector",
        "repo": "zkperf",
        "type": "github"
      }
    }
  },
  "root": "root",
  "version": 7
}
