# This file is automatically @generated by Cargo.
# It is not intended for manual editing.
version = 4

[[package]]
name = "slr-discourse-reconstruct"
version = "0.1.0"
dependencies = [
 "vader-parity",
]

[[package]]
name = "vader-parity"
version = "0.1.0"
source = "registry+https://github.com/rust-lang/crates.io-index"
checksum = "a8463e8e9dd5a5e45043a69a4c7172fe26358370b1c1ed03dd89775df1dc34af"
